{
  "requires": true,
  "lockfileVersion": 1,
  "dependencies": {
    "typescript": {
      "version": "3.8.3",
      "resolved": "https://artifactory.kbra.com:443/artifactory/api/npm/npm/typescript/-/typescript-3.8.3.tgz",
      "integrity": "sha1-QJ64VE6gM1cRIFhp7EWKsQnuEGE=",
      "dev": true
    }
  }
}
